// !$*UTF8*$!
{
	archiveVersion = 1;
	classes = {
	};
	objectVersion = 46;
	objects = {

/* Begin PBXBuildFile section */
		9D6F2110AB95F027031C5AF9 /* Pods_SSBaseLib.framework in Frameworks */ = {isa = PBXBuildFile; fileRef = 58D021EBC78097523398E9BF /* Pods_SSBaseLib.framework */; };
		AB9F540C859D967A81A09542 /* Pods_ios.framework in Frameworks */ = {isa = PBXBuildFile; fileRef = F20FA306F4688F0423D98ABF /* Pods_ios.framework */; };
		CB3CD0B41F20822700B60C4A /* SSDateTool.h in Headers */ = {isa = PBXBuildFile; fileRef = CB3CD0B21F20822700B60C4A /* SSDateTool.h */; settings = {ATTRIBUTES = (Public, ); }; };
		CB3CD0B51F20822700B60C4A /* SSDateTool.m in Sources */ = {isa = PBXBuildFile; fileRef = CB3CD0B31F20822700B60C4A /* SSDateTool.m */; };
		CB3CD0B61F20822700B60C4A /* SSDateTool.m in Sources */ = {isa = PBXBuildFile; fileRef = CB3CD0B31F20822700B60C4A /* SSDateTool.m */; };
		CB3CD0B91F2089F300B60C4A /* NSObject+SSBindValue.h in Headers */ = {isa = PBXBuildFile; fileRef = CB3CD0B71F2089F300B60C4A /* NSObject+SSBindValue.h */; settings = {ATTRIBUTES = (Public, ); }; };
		CB3CD0BA1F2089F300B60C4A /* NSObject+SSBindValue.m in Sources */ = {isa = PBXBuildFile; fileRef = CB3CD0B81F2089F300B60C4A /* NSObject+SSBindValue.m */; };
		CB3CD0BB1F2089F300B60C4A /* NSObject+SSBindValue.m in Sources */ = {isa = PBXBuildFile; fileRef = CB3CD0B81F2089F300B60C4A /* NSObject+SSBindValue.m */; };
		CB3CD0BD1F208A8400B60C4A /* SSGlobalVar.h in Headers */ = {isa = PBXBuildFile; fileRef = CB3CD0BC1F208A8400B60C4A /* SSGlobalVar.h */; settings = {ATTRIBUTES = (Public, ); }; };
		CB614A741EE91B1000471DE9 /* SSBaseLib.h in Headers */ = {isa = PBXBuildFile; fileRef = CB614A721EE91B1000471DE9 /* SSBaseLib.h */; settings = {ATTRIBUTES = (Public, ); }; };
		CB614A7E1EE91BBC00471DE9 /* AMDBaseModel.h in Headers */ = {isa = PBXBuildFile; fileRef = CB614A7A1EE91BBC00471DE9 /* AMDBaseModel.h */; settings = {ATTRIBUTES = (Public, ); }; };
		CB614A7F1EE91BBC00471DE9 /* AMDBaseModel.m in Sources */ = {isa = PBXBuildFile; fileRef = CB614A7B1EE91BBC00471DE9 /* AMDBaseModel.m */; };
		CB614A801EE91BBC00471DE9 /* AMDBaseViewModel.h in Headers */ = {isa = PBXBuildFile; fileRef = CB614A7C1EE91BBC00471DE9 /* AMDBaseViewModel.h */; settings = {ATTRIBUTES = (Public, ); }; };
		CB614A811EE91BBC00471DE9 /* AMDBaseViewModel.m in Sources */ = {isa = PBXBuildFile; fileRef = CB614A7D1EE91BBC00471DE9 /* AMDBaseViewModel.m */; };
		CB614A8E1EE94DD400471DE9 /* main.m in Sources */ = {isa = PBXBuildFile; fileRef = CB614A8D1EE94DD400471DE9 /* main.m */; };
		CB614A911EE94DD400471DE9 /* AppDelegate.m in Sources */ = {isa = PBXBuildFile; fileRef = CB614A901EE94DD400471DE9 /* AppDelegate.m */; };
		CB614A941EE94DD400471DE9 /* ViewController.m in Sources */ = {isa = PBXBuildFile; fileRef = CB614A931EE94DD400471DE9 /* ViewController.m */; };
		CB614A971EE94DD400471DE9 /* Main.storyboard in Resources */ = {isa = PBXBuildFile; fileRef = CB614A951EE94DD400471DE9 /* Main.storyboard */; };
		CB614A991EE94DD400471DE9 /* Assets.xcassets in Resources */ = {isa = PBXBuildFile; fileRef = CB614A981EE94DD400471DE9 /* Assets.xcassets */; };
		CB614A9C1EE94DD400471DE9 /* LaunchScreen.storyboard in Resources */ = {isa = PBXBuildFile; fileRef = CB614A9A1EE94DD400471DE9 /* LaunchScreen.storyboard */; };
		CB614AE81EE9679800471DE9 /* SSJSONModel.h in Headers */ = {isa = PBXBuildFile; fileRef = CB614ADC1EE9679800471DE9 /* SSJSONModel.h */; settings = {ATTRIBUTES = (Public, ); }; };
		CB614AE91EE9679800471DE9 /* SSJSONModel.m in Sources */ = {isa = PBXBuildFile; fileRef = CB614ADD1EE9679800471DE9 /* SSJSONModel.m */; };
		CB614AEA1EE9679800471DE9 /* SSJSONModelClassProperty.h in Headers */ = {isa = PBXBuildFile; fileRef = CB614ADE1EE9679800471DE9 /* SSJSONModelClassProperty.h */; settings = {ATTRIBUTES = (Public, ); }; };
		CB614AEB1EE9679800471DE9 /* SSJSONModelClassProperty.m in Sources */ = {isa = PBXBuildFile; fileRef = CB614ADF1EE9679800471DE9 /* SSJSONModelClassProperty.m */; };
		CB614AEC1EE9679800471DE9 /* SSJSONModelError.h in Headers */ = {isa = PBXBuildFile; fileRef = CB614AE01EE9679800471DE9 /* SSJSONModelError.h */; settings = {ATTRIBUTES = (Public, ); }; };
		CB614AED1EE9679800471DE9 /* SSJSONModelError.m in Sources */ = {isa = PBXBuildFile; fileRef = CB614AE11EE9679800471DE9 /* SSJSONModelError.m */; };
		CB614AEE1EE9679800471DE9 /* SSJSONModelLib.h in Headers */ = {isa = PBXBuildFile; fileRef = CB614AE21EE9679800471DE9 /* SSJSONModelLib.h */; settings = {ATTRIBUTES = (Public, ); }; };
		CB614AEF1EE9679800471DE9 /* SSJSONKeyMapper.h in Headers */ = {isa = PBXBuildFile; fileRef = CB614AE41EE9679800471DE9 /* SSJSONKeyMapper.h */; settings = {ATTRIBUTES = (Public, ); }; };
		CB614AF01EE9679800471DE9 /* SSJSONKeyMapper.m in Sources */ = {isa = PBXBuildFile; fileRef = CB614AE51EE9679800471DE9 /* SSJSONKeyMapper.m */; };
		CB614AF11EE9679800471DE9 /* SSJSONValueTransformer.h in Headers */ = {isa = PBXBuildFile; fileRef = CB614AE61EE9679800471DE9 /* SSJSONValueTransformer.h */; settings = {ATTRIBUTES = (Public, ); }; };
		CB614AF21EE9679800471DE9 /* SSJSONValueTransformer.m in Sources */ = {isa = PBXBuildFile; fileRef = CB614AE71EE9679800471DE9 /* SSJSONValueTransformer.m */; };
/* End PBXBuildFile section */

/* Begin PBXContainerItemProxy section */
		CB614AF41EE96AC500471DE9 /* PBXContainerItemProxy */ = {
			isa = PBXContainerItemProxy;
			containerPortal = CB614A661EE91B1000471DE9 /* Project object */;
			proxyType = 1;
			remoteGlobalIDString = CB614A6E1EE91B1000471DE9;
			remoteInfo = SSBaseLib;
		};
/* End PBXContainerItemProxy section */

/* Begin PBXFileReference section */
		2E85ACDDAB89B55A80E5B39E /* Pods-SSBaseLib.release.xcconfig */ = {isa = PBXFileReference; includeInIndex = 1; lastKnownFileType = text.xcconfig; name = "Pods-SSBaseLib.release.xcconfig"; path = "Pods/Target Support Files/Pods-SSBaseLib/Pods-SSBaseLib.release.xcconfig"; sourceTree = "<group>"; };
		58D021EBC78097523398E9BF /* Pods_SSBaseLib.framework */ = {isa = PBXFileReference; explicitFileType = wrapper.framework; includeInIndex = 0; path = Pods_SSBaseLib.framework; sourceTree = BUILT_PRODUCTS_DIR; };
		93DC683115BDE19013D9529C /* Pods-SSBaseLib.debug.xcconfig */ = {isa = PBXFileReference; includeInIndex = 1; lastKnownFileType = text.xcconfig; name = "Pods-SSBaseLib.debug.xcconfig"; path = "Pods/Target Support Files/Pods-SSBaseLib/Pods-SSBaseLib.debug.xcconfig"; sourceTree = "<group>"; };
		980353FE42D486D7D3D02D40 /* Pods-ios.release.xcconfig */ = {isa = PBXFileReference; includeInIndex = 1; lastKnownFileType = text.xcconfig; name = "Pods-ios.release.xcconfig"; path = "Pods/Target Support Files/Pods-ios/Pods-ios.release.xcconfig"; sourceTree = "<group>"; };
		CB3CD0B21F20822700B60C4A /* SSDateTool.h */ = {isa = PBXFileReference; fileEncoding = 4; lastKnownFileType = sourcecode.c.h; path = SSDateTool.h; sourceTree = "<group>"; };
		CB3CD0B31F20822700B60C4A /* SSDateTool.m */ = {isa = PBXFileReference; fileEncoding = 4; lastKnownFileType = sourcecode.c.objc; path = SSDateTool.m; sourceTree = "<group>"; };
		CB3CD0B71F2089F300B60C4A /* NSObject+SSBindValue.h */ = {isa = PBXFileReference; fileEncoding = 4; lastKnownFileType = sourcecode.c.h; path = "NSObject+SSBindValue.h"; sourceTree = "<group>"; };
		CB3CD0B81F2089F300B60C4A /* NSObject+SSBindValue.m */ = {isa = PBXFileReference; fileEncoding = 4; lastKnownFileType = sourcecode.c.objc; path = "NSObject+SSBindValue.m"; sourceTree = "<group>"; };
		CB3CD0BC1F208A8400B60C4A /* SSGlobalVar.h */ = {isa = PBXFileReference; fileEncoding = 4; lastKnownFileType = sourcecode.c.h; path = SSGlobalVar.h; sourceTree = "<group>"; };
		CB614A6F1EE91B1000471DE9 /* SSBaseLib.framework */ = {isa = PBXFileReference; explicitFileType = wrapper.framework; includeInIndex = 0; path = SSBaseLib.framework; sourceTree = BUILT_PRODUCTS_DIR; };
		CB614A721EE91B1000471DE9 /* SSBaseLib.h */ = {isa = PBXFileReference; lastKnownFileType = sourcecode.c.h; path = SSBaseLib.h; sourceTree = "<group>"; };
		CB614A731EE91B1000471DE9 /* Info.plist */ = {isa = PBXFileReference; lastKnownFileType = text.plist.xml; path = Info.plist; sourceTree = "<group>"; };
		CB614A7A1EE91BBC00471DE9 /* AMDBaseModel.h */ = {isa = PBXFileReference; fileEncoding = 4; lastKnownFileType = sourcecode.c.h; path = AMDBaseModel.h; sourceTree = "<group>"; };
		CB614A7B1EE91BBC00471DE9 /* AMDBaseModel.m */ = {isa = PBXFileReference; fileEncoding = 4; lastKnownFileType = sourcecode.c.objc; path = AMDBaseModel.m; sourceTree = "<group>"; };
		CB614A7C1EE91BBC00471DE9 /* AMDBaseViewModel.h */ = {isa = PBXFileReference; fileEncoding = 4; lastKnownFileType = sourcecode.c.h; path = AMDBaseViewModel.h; sourceTree = "<group>"; };
		CB614A7D1EE91BBC00471DE9 /* AMDBaseViewModel.m */ = {isa = PBXFileReference; fileEncoding = 4; lastKnownFileType = sourcecode.c.objc; path = AMDBaseViewModel.m; sourceTree = "<group>"; };
		CB614A8A1EE94DD400471DE9 /* ios.app */ = {isa = PBXFileReference; explicitFileType = wrapper.application; includeInIndex = 0; path = ios.app; sourceTree = BUILT_PRODUCTS_DIR; };
		CB614A8D1EE94DD400471DE9 /* main.m */ = {isa = PBXFileReference; lastKnownFileType = sourcecode.c.objc; path = main.m; sourceTree = "<group>"; };
		CB614A8F1EE94DD400471DE9 /* AppDelegate.h */ = {isa = PBXFileReference; lastKnownFileType = sourcecode.c.h; path = AppDelegate.h; sourceTree = "<group>"; };
		CB614A901EE94DD400471DE9 /* AppDelegate.m */ = {isa = PBXFileReference; lastKnownFileType = sourcecode.c.objc; path = AppDelegate.m; sourceTree = "<group>"; };
		CB614A921EE94DD400471DE9 /* ViewController.h */ = {isa = PBXFileReference; lastKnownFileType = sourcecode.c.h; path = ViewController.h; sourceTree = "<group>"; };
		CB614A931EE94DD400471DE9 /* ViewController.m */ = {isa = PBXFileReference; lastKnownFileType = sourcecode.c.objc; path = ViewController.m; sourceTree = "<group>"; };
		CB614A961EE94DD400471DE9 /* Base */ = {isa = PBXFileReference; lastKnownFileType = file.storyboard; name = Base; path = Base.lproj/Main.storyboard; sourceTree = "<group>"; };
		CB614A981EE94DD400471DE9 /* Assets.xcassets */ = {isa = PBXFileReference; lastKnownFileType = folder.assetcatalog; path = Assets.xcassets; sourceTree = "<group>"; };
		CB614A9B1EE94DD400471DE9 /* Base */ = {isa = PBXFileReference; lastKnownFileType = file.storyboard; name = Base; path = Base.lproj/LaunchScreen.storyboard; sourceTree = "<group>"; };
		CB614A9D1EE94DD400471DE9 /* Info.plist */ = {isa = PBXFileReference; lastKnownFileType = text.plist.xml; path = Info.plist; sourceTree = "<group>"; };
		CB614AD71EE9618400471DE9 /* README.md */ = {isa = PBXFileReference; fileEncoding = 4; lastKnownFileType = net.daringfireball.markdown; path = README.md; sourceTree = "<group>"; };
		CB614ADC1EE9679800471DE9 /* SSJSONModel.h */ = {isa = PBXFileReference; fileEncoding = 4; lastKnownFileType = sourcecode.c.h; path = SSJSONModel.h; sourceTree = "<group>"; };
		CB614ADD1EE9679800471DE9 /* SSJSONModel.m */ = {isa = PBXFileReference; fileEncoding = 4; lastKnownFileType = sourcecode.c.objc; path = SSJSONModel.m; sourceTree = "<group>"; };
		CB614ADE1EE9679800471DE9 /* SSJSONModelClassProperty.h */ = {isa = PBXFileReference; fileEncoding = 4; lastKnownFileType = sourcecode.c.h; path = SSJSONModelClassProperty.h; sourceTree = "<group>"; };
		CB614ADF1EE9679800471DE9 /* SSJSONModelClassProperty.m */ = {isa = PBXFileReference; fileEncoding = 4; lastKnownFileType = sourcecode.c.objc; path = SSJSONModelClassProperty.m; sourceTree = "<group>"; };
		CB614AE01EE9679800471DE9 /* SSJSONModelError.h */ = {isa = PBXFileReference; fileEncoding = 4; lastKnownFileType = sourcecode.c.h; path = SSJSONModelError.h; sourceTree = "<group>"; };
		CB614AE11EE9679800471DE9 /* SSJSONModelError.m */ = {isa = PBXFileReference; fileEncoding = 4; lastKnownFileType = sourcecode.c.objc; path = SSJSONModelError.m; sourceTree = "<group>"; };
		CB614AE21EE9679800471DE9 /* SSJSONModelLib.h */ = {isa = PBXFileReference; fileEncoding = 4; lastKnownFileType = sourcecode.c.h; path = SSJSONModelLib.h; sourceTree = "<group>"; };
		CB614AE41EE9679800471DE9 /* SSJSONKeyMapper.h */ = {isa = PBXFileReference; fileEncoding = 4; lastKnownFileType = sourcecode.c.h; path = SSJSONKeyMapper.h; sourceTree = "<group>"; };
		CB614AE51EE9679800471DE9 /* SSJSONKeyMapper.m */ = {isa = PBXFileReference; fileEncoding = 4; lastKnownFileType = sourcecode.c.objc; path = SSJSONKeyMapper.m; sourceTree = "<group>"; };
		CB614AE61EE9679800471DE9 /* SSJSONValueTransformer.h */ = {isa = PBXFileReference; fileEncoding = 4; lastKnownFileType = sourcecode.c.h; path = SSJSONValueTransformer.h; sourceTree = "<group>"; };
		CB614AE71EE9679800471DE9 /* SSJSONValueTransformer.m */ = {isa = PBXFileReference; fileEncoding = 4; lastKnownFileType = sourcecode.c.objc; path = SSJSONValueTransformer.m; sourceTree = "<group>"; };
		DCEE9CD4FE581FD2C4E654DE /* Pods-ios.debug.xcconfig */ = {isa = PBXFileReference; includeInIndex = 1; lastKnownFileType = text.xcconfig; name = "Pods-ios.debug.xcconfig"; path = "Pods/Target Support Files/Pods-ios/Pods-ios.debug.xcconfig"; sourceTree = "<group>"; };
		F20FA306F4688F0423D98ABF /* Pods_ios.framework */ = {isa = PBXFileReference; explicitFileType = wrapper.framework; includeInIndex = 0; path = Pods_ios.framework; sourceTree = BUILT_PRODUCTS_DIR; };
/* End PBXFileReference section */

/* Begin PBXFrameworksBuildPhase section */
		CB614A6B1EE91B1000471DE9 /* Frameworks */ = {
			isa = PBXFrameworksBuildPhase;
			buildActionMask = 2147483647;
			files = (
				9D6F2110AB95F027031C5AF9 /* Pods_SSBaseLib.framework in Frameworks */,
			);
			runOnlyForDeploymentPostprocessing = 0;
		};
		CB614A871EE94DD400471DE9 /* Frameworks */ = {
			isa = PBXFrameworksBuildPhase;
			buildActionMask = 2147483647;
			files = (
				AB9F540C859D967A81A09542 /* Pods_ios.framework in Frameworks */,
			);
			runOnlyForDeploymentPostprocessing = 0;
		};
/* End PBXFrameworksBuildPhase section */

/* Begin PBXGroup section */
		559218DB64B0A5358E876A66 /* Pods */ = {
			isa = PBXGroup;
			children = (
				93DC683115BDE19013D9529C /* Pods-SSBaseLib.debug.xcconfig */,
				2E85ACDDAB89B55A80E5B39E /* Pods-SSBaseLib.release.xcconfig */,
				DCEE9CD4FE581FD2C4E654DE /* Pods-ios.debug.xcconfig */,
				980353FE42D486D7D3D02D40 /* Pods-ios.release.xcconfig */,
			);
			name = Pods;
			sourceTree = "<group>";
		};
		CB614A651EE91B1000471DE9 = {
			isa = PBXGroup;
			children = (
				CB614A711EE91B1000471DE9 /* SSBaseLib */,
				CB614A8B1EE94DD400471DE9 /* ios */,
				CB614A701EE91B1000471DE9 /* Products */,
				559218DB64B0A5358E876A66 /* Pods */,
				CE76D6BF9E5D59949EBBDB24 /* Frameworks */,
			);
			sourceTree = "<group>";
		};
		CB614A701EE91B1000471DE9 /* Products */ = {
			isa = PBXGroup;
			children = (
				CB614A6F1EE91B1000471DE9 /* SSBaseLib.framework */,
				CB614A8A1EE94DD400471DE9 /* ios.app */,
			);
			name = Products;
			sourceTree = "<group>";
		};
		CB614A711EE91B1000471DE9 /* SSBaseLib */ = {
			isa = PBXGroup;
			children = (
				CB614ADA1EE9679800471DE9 /* SSJSONModel1 */,
				CB614A7A1EE91BBC00471DE9 /* AMDBaseModel.h */,
				CB614A7B1EE91BBC00471DE9 /* AMDBaseModel.m */,
				CB614A7C1EE91BBC00471DE9 /* AMDBaseViewModel.h */,
				CB614A7D1EE91BBC00471DE9 /* AMDBaseViewModel.m */,
				CB3CD0B71F2089F300B60C4A /* NSObject+SSBindValue.h */,
				CB3CD0B81F2089F300B60C4A /* NSObject+SSBindValue.m */,
				CB3CD0B21F20822700B60C4A /* SSDateTool.h */,
				CB3CD0B31F20822700B60C4A /* SSDateTool.m */,
				CB3CD0BC1F208A8400B60C4A /* SSGlobalVar.h */,
				CB614A721EE91B1000471DE9 /* SSBaseLib.h */,
				CB614AD71EE9618400471DE9 /* README.md */,
				CB614A731EE91B1000471DE9 /* Info.plist */,
			);
			path = SSBaseLib;
			sourceTree = "<group>";
		};
		CB614A8B1EE94DD400471DE9 /* ios */ = {
			isa = PBXGroup;
			children = (
				CB614A8F1EE94DD400471DE9 /* AppDelegate.h */,
				CB614A901EE94DD400471DE9 /* AppDelegate.m */,
				CB614A921EE94DD400471DE9 /* ViewController.h */,
				CB614A931EE94DD400471DE9 /* ViewController.m */,
				CB614A951EE94DD400471DE9 /* Main.storyboard */,
				CB614A981EE94DD400471DE9 /* Assets.xcassets */,
				CB614A9A1EE94DD400471DE9 /* LaunchScreen.storyboard */,
				CB614A9D1EE94DD400471DE9 /* Info.plist */,
				CB614A8C1EE94DD400471DE9 /* Supporting Files */,
			);
			path = ios;
			sourceTree = "<group>";
		};
		CB614A8C1EE94DD400471DE9 /* Supporting Files */ = {
			isa = PBXGroup;
			children = (
				CB614A8D1EE94DD400471DE9 /* main.m */,
			);
			name = "Supporting Files";
			sourceTree = "<group>";
		};
		CB614ADA1EE9679800471DE9 /* SSJSONModel1 */ = {
			isa = PBXGroup;
			children = (
				CB614ADB1EE9679800471DE9 /* SSJSONModel */,
				CB614AE21EE9679800471DE9 /* SSJSONModelLib.h */,
				CB614AE31EE9679800471DE9 /* SSJSONModelTransformations */,
			);
			path = SSJSONModel1;
			sourceTree = "<group>";
		};
		CB614ADB1EE9679800471DE9 /* SSJSONModel */ = {
			isa = PBXGroup;
			children = (
				CB614ADC1EE9679800471DE9 /* SSJSONModel.h */,
				CB614ADD1EE9679800471DE9 /* SSJSONModel.m */,
				CB614ADE1EE9679800471DE9 /* SSJSONModelClassProperty.h */,
				CB614ADF1EE9679800471DE9 /* SSJSONModelClassProperty.m */,
				CB614AE01EE9679800471DE9 /* SSJSONModelError.h */,
				CB614AE11EE9679800471DE9 /* SSJSONModelError.m */,
			);
			path = SSJSONModel;
			sourceTree = "<group>";
		};
		CB614AE31EE9679800471DE9 /* SSJSONModelTransformations */ = {
			isa = PBXGroup;
			children = (
				CB614AE41EE9679800471DE9 /* SSJSONKeyMapper.h */,
				CB614AE51EE9679800471DE9 /* SSJSONKeyMapper.m */,
				CB614AE61EE9679800471DE9 /* SSJSONValueTransformer.h */,
				CB614AE71EE9679800471DE9 /* SSJSONValueTransformer.m */,
			);
			path = SSJSONModelTransformations;
			sourceTree = "<group>";
		};
		CE76D6BF9E5D59949EBBDB24 /* Frameworks */ = {
			isa = PBXGroup;
			children = (
				58D021EBC78097523398E9BF /* Pods_SSBaseLib.framework */,
				F20FA306F4688F0423D98ABF /* Pods_ios.framework */,
			);
			name = Frameworks;
			sourceTree = "<group>";
		};
/* End PBXGroup section */

/* Begin PBXHeadersBuildPhase section */
		CB614A6C1EE91B1000471DE9 /* Headers */ = {
			isa = PBXHeadersBuildPhase;
			buildActionMask = 2147483647;
			files = (
				CB614AEE1EE9679800471DE9 /* SSJSONModelLib.h in Headers */,
				CB3CD0B91F2089F300B60C4A /* NSObject+SSBindValue.h in Headers */,
				CB3CD0B41F20822700B60C4A /* SSDateTool.h in Headers */,
				CB614A7E1EE91BBC00471DE9 /* AMDBaseModel.h in Headers */,
				CB614AF11EE9679800471DE9 /* SSJSONValueTransformer.h in Headers */,
				CB614AE81EE9679800471DE9 /* SSJSONModel.h in Headers */,
				CB614AEA1EE9679800471DE9 /* SSJSONModelClassProperty.h in Headers */,
				CB614AEF1EE9679800471DE9 /* SSJSONKeyMapper.h in Headers */,
				CB614AEC1EE9679800471DE9 /* SSJSONModelError.h in Headers */,
				CB614A741EE91B1000471DE9 /* SSBaseLib.h in Headers */,
				CB614A801EE91BBC00471DE9 /* AMDBaseViewModel.h in Headers */,
				CB3CD0BD1F208A8400B60C4A /* SSGlobalVar.h in Headers */,
			);
			runOnlyForDeploymentPostprocessing = 0;
		};
/* End PBXHeadersBuildPhase section */

/* Begin PBXNativeTarget section */
		CB614A6E1EE91B1000471DE9 /* SSBaseLib */ = {
			isa = PBXNativeTarget;
			buildConfigurationList = CB614A771EE91B1000471DE9 /* Build configuration list for PBXNativeTarget "SSBaseLib" */;
			buildPhases = (
				717B0FB918EEBD529F8585C6 /* [CP] Check Pods Manifest.lock */,
				CB614A6A1EE91B1000471DE9 /* Sources */,
				CB614A6B1EE91B1000471DE9 /* Frameworks */,
				CB614A6C1EE91B1000471DE9 /* Headers */,
				CB614A6D1EE91B1000471DE9 /* Resources */,
				C72E6CE8820882F0ACF06C95 /* [CP] Copy Pods Resources */,
			);
			buildRules = (
			);
			dependencies = (
			);
			name = SSBaseLib;
			productName = SSBaseLib;
			productReference = CB614A6F1EE91B1000471DE9 /* SSBaseLib.framework */;
			productType = "com.apple.product-type.framework";
		};
		CB614A891EE94DD400471DE9 /* ios */ = {
			isa = PBXNativeTarget;
			buildConfigurationList = CB614AA01EE94DD400471DE9 /* Build configuration list for PBXNativeTarget "ios" */;
			buildPhases = (
				704A12D899149116172896A9 /* [CP] Check Pods Manifest.lock */,
				CB614A861EE94DD400471DE9 /* Sources */,
				CB614A871EE94DD400471DE9 /* Frameworks */,
				CB614A881EE94DD400471DE9 /* Resources */,
				ACEF7E16A726EFBDA80991B2 /* [CP] Embed Pods Frameworks */,
				E1BFE913FB37964AFE8F9C78 /* [CP] Copy Pods Resources */,
			);
			buildRules = (
			);
			dependencies = (
				CB614AF51EE96AC500471DE9 /* PBXTargetDependency */,
			);
			name = ios;
			productName = ios;
			productReference = CB614A8A1EE94DD400471DE9 /* ios.app */;
			productType = "com.apple.product-type.application";
		};
/* End PBXNativeTarget section */

/* Begin PBXProject section */
		CB614A661EE91B1000471DE9 /* Project object */ = {
			isa = PBXProject;
			attributes = {
				LastUpgradeCheck = 0830;
				ORGANIZATIONNAME = SunSet;
				TargetAttributes = {
					CB614A6E1EE91B1000471DE9 = {
						CreatedOnToolsVersion = 8.3.2;
						ProvisioningStyle = Automatic;
					};
					CB614A891EE94DD400471DE9 = {
						CreatedOnToolsVersion = 8.3.2;
						ProvisioningStyle = Automatic;
					};
				};
			};
			buildConfigurationList = CB614A691EE91B1000471DE9 /* Build configuration list for PBXProject "SSBaseLib" */;
			compatibilityVersion = "Xcode 3.2";
			developmentRegion = English;
			hasScannedForEncodings = 0;
			knownRegions = (
				en,
				Base,
			);
			mainGroup = CB614A651EE91B1000471DE9;
			productRefGroup = CB614A701EE91B1000471DE9 /* Products */;
			projectDirPath = "";
			projectRoot = "";
			targets = (
				CB614A6E1EE91B1000471DE9 /* SSBaseLib */,
				CB614A891EE94DD400471DE9 /* ios */,
			);
		};
/* End PBXProject section */

/* Begin PBXResourcesBuildPhase section */
		CB614A6D1EE91B1000471DE9 /* Resources */ = {
			isa = PBXResourcesBuildPhase;
			buildActionMask = 2147483647;
			files = (
			);
			runOnlyForDeploymentPostprocessing = 0;
		};
		CB614A881EE94DD400471DE9 /* Resources */ = {
			isa = PBXResourcesBuildPhase;
			buildActionMask = 2147483647;
			files = (
				CB614A9C1EE94DD400471DE9 /* LaunchScreen.storyboard in Resources */,
				CB614A991EE94DD400471DE9 /* Assets.xcassets in Resources */,
				CB614A971EE94DD400471DE9 /* Main.storyboard in Resources */,
			);
			runOnlyForDeploymentPostprocessing = 0;
		};
/* End PBXResourcesBuildPhase section */

/* Begin PBXShellScriptBuildPhase section */
		704A12D899149116172896A9 /* [CP] Check Pods Manifest.lock */ = {
			isa = PBXShellScriptBuildPhase;
			buildActionMask = 2147483647;
			files = (
			);
			inputPaths = (
			);
			name = "[CP] Check Pods Manifest.lock";
			outputPaths = (
			);
			runOnlyForDeploymentPostprocessing = 0;
			shellPath = /bin/sh;
			shellScript = "diff \"${PODS_PODFILE_DIR_PATH}/Podfile.lock\" \"${PODS_ROOT}/Manifest.lock\" > /dev/null\nif [ $? != 0 ] ; then\n    # print error to STDERR\n    echo \"error: The sandbox is not in sync with the Podfile.lock. Run 'pod install' or update your CocoaPods installation.\" >&2\n    exit 1\nfi\n";
			showEnvVarsInLog = 0;
		};
		717B0FB918EEBD529F8585C6 /* [CP] Check Pods Manifest.lock */ = {
			isa = PBXShellScriptBuildPhase;
			buildActionMask = 2147483647;
			files = (
			);
			inputPaths = (
			);
			name = "[CP] Check Pods Manifest.lock";
			outputPaths = (
			);
			runOnlyForDeploymentPostprocessing = 0;
			shellPath = /bin/sh;
			shellScript = "diff \"${PODS_PODFILE_DIR_PATH}/Podfile.lock\" \"${PODS_ROOT}/Manifest.lock\" > /dev/null\nif [ $? != 0 ] ; then\n    # print error to STDERR\n    echo \"error: The sandbox is not in sync with the Podfile.lock. Run 'pod install' or update your CocoaPods installation.\" >&2\n    exit 1\nfi\n";
			showEnvVarsInLog = 0;
		};
		ACEF7E16A726EFBDA80991B2 /* [CP] Embed Pods Frameworks */ = {
			isa = PBXShellScriptBuildPhase;
			buildActionMask = 2147483647;
			files = (
			);
			inputPaths = (
			);
			name = "[CP] Embed Pods Frameworks";
			outputPaths = (
			);
			runOnlyForDeploymentPostprocessing = 0;
			shellPath = /bin/sh;
			shellScript = "\"${SRCROOT}/Pods/Target Support Files/Pods-ios/Pods-ios-frameworks.sh\"\n";
			showEnvVarsInLog = 0;
		};
		C72E6CE8820882F0ACF06C95 /* [CP] Copy Pods Resources */ = {
			isa = PBXShellScriptBuildPhase;
			buildActionMask = 2147483647;
			files = (
			);
			inputPaths = (
			);
			name = "[CP] Copy Pods Resources";
			outputPaths = (
			);
			runOnlyForDeploymentPostprocessing = 0;
			shellPath = /bin/sh;
			shellScript = "\"${SRCROOT}/Pods/Target Support Files/Pods-SSBaseLib/Pods-SSBaseLib-resources.sh\"\n";
			showEnvVarsInLog = 0;
		};
		E1BFE913FB37964AFE8F9C78 /* [CP] Copy Pods Resources */ = {
			isa = PBXShellScriptBuildPhase;
			buildActionMask = 2147483647;
			files = (
			);
			inputPaths = (
			);
			name = "[CP] Copy Pods Resources";
			outputPaths = (
			);
			runOnlyForDeploymentPostprocessing = 0;
			shellPath = /bin/sh;
			shellScript = "\"${SRCROOT}/Pods/Target Support Files/Pods-ios/Pods-ios-resources.sh\"\n";
			showEnvVarsInLog = 0;
		};
/* End PBXShellScriptBuildPhase section */

/* Begin PBXSourcesBuildPhase section */
		CB614A6A1EE91B1000471DE9 /* Sources */ = {
			isa = PBXSourcesBuildPhase;
			buildActionMask = 2147483647;
			files = (
				CB614AED1EE9679800471DE9 /* SSJSONModelError.m in Sources */,
				CB614AF01EE9679800471DE9 /* SSJSONKeyMapper.m in Sources */,
				CB614A811EE91BBC00471DE9 /* AMDBaseViewModel.m in Sources */,
				CB614AF21EE9679800471DE9 /* SSJSONValueTransformer.m in Sources */,
				CB3CD0B51F20822700B60C4A /* SSDateTool.m in Sources */,
				CB3CD0BA1F2089F300B60C4A /* NSObject+SSBindValue.m in Sources */,
				CB614AE91EE9679800471DE9 /* SSJSONModel.m in Sources */,
				CB614AEB1EE9679800471DE9 /* SSJSONModelClassProperty.m in Sources */,
				CB614A7F1EE91BBC00471DE9 /* AMDBaseModel.m in Sources */,
			);
			runOnlyForDeploymentPostprocessing = 0;
		};
		CB614A861EE94DD400471DE9 /* Sources */ = {
			isa = PBXSourcesBuildPhase;
			buildActionMask = 2147483647;
			files = (
				CB614A941EE94DD400471DE9 /* ViewController.m in Sources */,
				CB614A911EE94DD400471DE9 /* AppDelegate.m in Sources */,
				CB3CD0B61F20822700B60C4A /* SSDateTool.m in Sources */,
				CB614A8E1EE94DD400471DE9 /* main.m in Sources */,
				CB3CD0BB1F2089F300B60C4A /* NSObject+SSBindValue.m in Sources */,
			);
			runOnlyForDeploymentPostprocessing = 0;
		};
/* End PBXSourcesBuildPhase section */

/* Begin PBXTargetDependency section */
		CB614AF51EE96AC500471DE9 /* PBXTargetDependency */ = {
			isa = PBXTargetDependency;
			target = CB614A6E1EE91B1000471DE9 /* SSBaseLib */;
			targetProxy = CB614AF41EE96AC500471DE9 /* PBXContainerItemProxy */;
		};
/* End PBXTargetDependency section */

/* Begin PBXVariantGroup section */
		CB614A951EE94DD400471DE9 /* Main.storyboard */ = {
			isa = PBXVariantGroup;
			children = (
				CB614A961EE94DD400471DE9 /* Base */,
			);
			name = Main.storyboard;
			sourceTree = "<group>";
		};
		CB614A9A1EE94DD400471DE9 /* LaunchScreen.storyboard */ = {
			isa = PBXVariantGroup;
			children = (
				CB614A9B1EE94DD400471DE9 /* Base */,
			);
			name = LaunchScreen.storyboard;
			sourceTree = "<group>";
		};
/* End PBXVariantGroup section */

/* Begin XCBuildConfiguration section */
		CB614A751EE91B1000471DE9 /* Debug */ = {
			isa = XCBuildConfiguration;
			buildSettings = {
				ALWAYS_SEARCH_USER_PATHS = NO;
				CLANG_ANALYZER_NONNULL = YES;
				CLANG_ANALYZER_NUMBER_OBJECT_CONVERSION = YES_AGGRESSIVE;
				CLANG_CXX_LANGUAGE_STANDARD = "gnu++0x";
				CLANG_CXX_LIBRARY = "libc++";
				CLANG_ENABLE_MODULES = YES;
				CLANG_ENABLE_OBJC_ARC = YES;
				CLANG_WARN_BOOL_CONVERSION = YES;
				CLANG_WARN_CONSTANT_CONVERSION = YES;
				CLANG_WARN_DIRECT_OBJC_ISA_USAGE = YES_ERROR;
				CLANG_WARN_DOCUMENTATION_COMMENTS = YES;
				CLANG_WARN_EMPTY_BODY = YES;
				CLANG_WARN_ENUM_CONVERSION = YES;
				CLANG_WARN_INFINITE_RECURSION = YES;
				CLANG_WARN_INT_CONVERSION = YES;
				CLANG_WARN_OBJC_ROOT_CLASS = YES_ERROR;
				CLANG_WARN_SUSPICIOUS_MOVE = YES;
				CLANG_WARN_UNREACHABLE_CODE = YES;
				CLANG_WARN__DUPLICATE_METHOD_MATCH = YES;
				"CODE_SIGN_IDENTITY[sdk=iphoneos*]" = "iPhone Developer";
				COPY_PHASE_STRIP = NO;
				CURRENT_PROJECT_VERSION = 1;
				DEBUG_INFORMATION_FORMAT = dwarf;
				ENABLE_STRICT_OBJC_MSGSEND = YES;
				ENABLE_TESTABILITY = YES;
				GCC_C_LANGUAGE_STANDARD = gnu99;
				GCC_DYNAMIC_NO_PIC = NO;
				GCC_NO_COMMON_BLOCKS = YES;
				GCC_OPTIMIZATION_LEVEL = 0;
				GCC_PREPROCESSOR_DEFINITIONS = (
					"DEBUG=1",
					"$(inherited)",
				);
				GCC_WARN_64_TO_32_BIT_CONVERSION = YES;
				GCC_WARN_ABOUT_RETURN_TYPE = YES_ERROR;
				GCC_WARN_UNDECLARED_SELECTOR = YES;
				GCC_WARN_UNINITIALIZED_AUTOS = YES_AGGRESSIVE;
				GCC_WARN_UNUSED_FUNCTION = YES;
				GCC_WARN_UNUSED_VARIABLE = YES;
				IPHONEOS_DEPLOYMENT_TARGET = 8.0;
				MTL_ENABLE_DEBUG_INFO = YES;
				ONLY_ACTIVE_ARCH = YES;
				SDKROOT = iphoneos;
				TARGETED_DEVICE_FAMILY = "1,2";
				VERSIONING_SYSTEM = "apple-generic";
				VERSION_INFO_PREFIX = "";
			};
			name = Debug;
		};
		CB614A761EE91B1000471DE9 /* Release */ = {
			isa = XCBuildConfiguration;
			buildSettings = {
				ALWAYS_SEARCH_USER_PATHS = NO;
				CLANG_ANALYZER_NONNULL = YES;
				CLANG_ANALYZER_NUMBER_OBJECT_CONVERSION = YES_AGGRESSIVE;
				CLANG_CXX_LANGUAGE_STANDARD = "gnu++0x";
				CLANG_CXX_LIBRARY = "libc++";
				CLANG_ENABLE_MODULES = YES;
				CLANG_ENABLE_OBJC_ARC = YES;
				CLANG_WARN_BOOL_CONVERSION = YES;
				CLANG_WARN_CONSTANT_CONVERSION = YES;
				CLANG_WARN_DIRECT_OBJC_ISA_USAGE = YES_ERROR;
				CLANG_WARN_DOCUMENTATION_COMMENTS = YES;
				CLANG_WARN_EMPTY_BODY = YES;
				CLANG_WARN_ENUM_CONVERSION = YES;
				CLANG_WARN_INFINITE_RECURSION = YES;
				CLANG_WARN_INT_CONVERSION = YES;
				CLANG_WARN_OBJC_ROOT_CLASS = YES_ERROR;
				CLANG_WARN_SUSPICIOUS_MOVE = YES;
				CLANG_WARN_UNREACHABLE_CODE = YES;
				CLANG_WARN__DUPLICATE_METHOD_MATCH = YES;
				"CODE_SIGN_IDENTITY[sdk=iphoneos*]" = "iPhone Developer";
				COPY_PHASE_STRIP = NO;
				CURRENT_PROJECT_VERSION = 1;
				DEBUG_INFORMATION_FORMAT = "dwarf-with-dsym";
				ENABLE_NS_ASSERTIONS = NO;
				ENABLE_STRICT_OBJC_MSGSEND = YES;
				GCC_C_LANGUAGE_STANDARD = gnu99;
				GCC_NO_COMMON_BLOCKS = YES;
				GCC_WARN_64_TO_32_BIT_CONVERSION = YES;
				GCC_WARN_ABOUT_RETURN_TYPE = YES_ERROR;
				GCC_WARN_UNDECLARED_SELECTOR = YES;
				GCC_WARN_UNINITIALIZED_AUTOS = YES_AGGRESSIVE;
				GCC_WARN_UNUSED_FUNCTION = YES;
				GCC_WARN_UNUSED_VARIABLE = YES;
				IPHONEOS_DEPLOYMENT_TARGET = 8.0;
				MTL_ENABLE_DEBUG_INFO = NO;
				SDKROOT = iphoneos;
				TARGETED_DEVICE_FAMILY = "1,2";
				VALIDATE_PRODUCT = YES;
				VERSIONING_SYSTEM = "apple-generic";
				VERSION_INFO_PREFIX = "";
			};
			name = Release;
		};
		CB614A781EE91B1000471DE9 /* Debug */ = {
			isa = XCBuildConfiguration;
			baseConfigurationReference = 93DC683115BDE19013D9529C /* Pods-SSBaseLib.debug.xcconfig */;
			buildSettings = {
				CODE_SIGN_IDENTITY = "";
				"CODE_SIGN_IDENTITY[sdk=iphoneos*]" = "iPhone Developer";
				DEFINES_MODULE = YES;
				DYLIB_COMPATIBILITY_VERSION = 1;
				DYLIB_CURRENT_VERSION = 1;
				DYLIB_INSTALL_NAME_BASE = "@rpath";
				HEADER_SEARCH_PATHS = (
					"$(inherited)",
					"\"${PODS_ROOT}/Headers/Public\"",
					"\"${PODS_ROOT}/Headers/Public/JSONModel\"",
				);
				INFOPLIST_FILE = SSBaseLib/Info.plist;
				INSTALL_PATH = "$(LOCAL_LIBRARY_DIR)/Frameworks";
				IPHONEOS_DEPLOYMENT_TARGET = 8.0;
				LD_RUNPATH_SEARCH_PATHS = "$(inherited) @executable_path/Frameworks @loader_path/Frameworks";
				PRODUCT_BUNDLE_IDENTIFIER = com.test.SSBaseLib;
				PRODUCT_NAME = "$(TARGET_NAME)";
				PROVISIONING_PROFILE_SPECIFIER = "";
				SKIP_INSTALL = YES;
			};
			name = Debug;
		};
		CB614A791EE91B1000471DE9 /* Release */ = {
			isa = XCBuildConfiguration;
			baseConfigurationReference = 2E85ACDDAB89B55A80E5B39E /* Pods-SSBaseLib.release.xcconfig */;
			buildSettings = {
				CODE_SIGN_IDENTITY = "";
				"CODE_SIGN_IDENTITY[sdk=iphoneos*]" = "iPhone Developer";
				DEFINES_MODULE = YES;
				DYLIB_COMPATIBILITY_VERSION = 1;
				DYLIB_CURRENT_VERSION = 1;
				DYLIB_INSTALL_NAME_BASE = "@rpath";
				HEADER_SEARCH_PATHS = (
					"$(inherited)",
					"\"${PODS_ROOT}/Headers/Public\"",
					"\"${PODS_ROOT}/Headers/Public/JSONModel\"",
				);
				INFOPLIST_FILE = SSBaseLib/Info.plist;
				INSTALL_PATH = "$(LOCAL_LIBRARY_DIR)/Frameworks";
				IPHONEOS_DEPLOYMENT_TARGET = 8.0;
				LD_RUNPATH_SEARCH_PATHS = "$(inherited) @executable_path/Frameworks @loader_path/Frameworks";
				PRODUCT_BUNDLE_IDENTIFIER = com.test.SSBaseLib;
				PRODUCT_NAME = "$(TARGET_NAME)";
				PROVISIONING_PROFILE_SPECIFIER = "";
				SKIP_INSTALL = YES;
			};
			name = Release;
		};
		CB614A9E1EE94DD400471DE9 /* Debug */ = {
			isa = XCBuildConfiguration;
			baseConfigurationReference = DCEE9CD4FE581FD2C4E654DE /* Pods-ios.debug.xcconfig */;
			buildSettings = {
				ASSETCATALOG_COMPILER_APPICON_NAME = AppIcon;
				HEADER_SEARCH_PATHS = "$(PODS_ROOT)/**";
				INFOPLIST_FILE = ios/Info.plist;
				LD_RUNPATH_SEARCH_PATHS = "$(inherited) @executable_path/Frameworks";
				PRODUCT_BUNDLE_IDENTIFIER = com.test.ios;
				PRODUCT_NAME = "$(TARGET_NAME)";
				USER_HEADER_SEARCH_PATHS = "";
			};
			name = Debug;
		};
		CB614A9F1EE94DD400471DE9 /* Release */ = {
			isa = XCBuildConfiguration;
			baseConfigurationReference = 980353FE42D486D7D3D02D40 /* Pods-ios.release.xcconfig */;
			buildSettings = {
				ASSETCATALOG_COMPILER_APPICON_NAME = AppIcon;
				HEADER_SEARCH_PATHS = "$(PODS_ROOT)/**";
				INFOPLIST_FILE = ios/Info.plist;
				LD_RUNPATH_SEARCH_PATHS = "$(inherited) @executable_path/Frameworks";
				PRODUCT_BUNDLE_IDENTIFIER = com.test.ios;
				PRODUCT_NAME = "$(TARGET_NAME)";
				USER_HEADER_SEARCH_PATHS = "";
			};
			name = Release;
		};
/* End XCBuildConfiguration section */

/* Begin XCConfigurationList section */
		CB614A691EE91B1000471DE9 /* Build configuration list for PBXProject "SSBaseLib" */ = {
			isa = XCConfigurationList;
			buildConfigurations = (
				CB614A751EE91B1000471DE9 /* Debug */,
				CB614A761EE91B1000471DE9 /* Release */,
			);
			defaultConfigurationIsVisible = 0;
			defaultConfigurationName = Release;
		};
		CB614A771EE91B1000471DE9 /* Build configuration list for PBXNativeTarget "SSBaseLib" */ = {
			isa = XCConfigurationList;
			buildConfigurations = (
				CB614A781EE91B1000471DE9 /* Debug */,
				CB614A791EE91B1000471DE9 /* Release */,
			);
			defaultConfigurationIsVisible = 0;
			defaultConfigurationName = Release;
		};
		CB614AA01EE94DD400471DE9 /* Build configuration list for PBXNativeTarget "ios" */ = {
			isa = XCConfigurationList;
			buildConfigurations = (
				CB614A9E1EE94DD400471DE9 /* Debug */,
				CB614A9F1EE94DD400471DE9 /* Release */,
			);
			defaultConfigurationIsVisible = 0;
			defaultConfigurationName = Release;
		};
/* End XCConfigurationList section */
	};
	rootObject = CB614A661EE91B1000471DE9 /* Project object */;
}
